
Microsoft Visual Studio Solution File, Format Version 12.00
# Visual Studio 15
VisualStudioVersion = 15.0.27004.2010
MinimumVisualStudioVersion = 10.0.40219.1
Project("{FAE04EC0-301F-11D3-BF4B-00C04F79EFBC}") = "Program", "Namespace\Program.csproj", "{491F5A35-A61E-48D4-AE04-30B29A151FAE}"
EndProject
Project("{FAE04EC0-301F-11D3-BF4B-00C04F79EFBC}") = "LibraryClasses", "LibraryClasses\LibraryClasses.csproj", "{A7FA3796-F39A-4AA5-8127-A28A5BEF13E2}"
EndProject
Global
	GlobalSection(SolutionConfigurationPlatforms) = preSolution
		Debug|Any CPU = Debug|Any CPU
		Release|Any CPU = Release|Any CPU
	EndGlobalSection
	GlobalSection(ProjectConfigurationPlatforms) = postSolution
		{491F5A35-A61E-48D4-AE04-30B29A151FAE}.Debug|Any CPU.ActiveCfg = Debug|Any CPU
		{491F5A35-A61E-48D4-AE04-30B29A151FAE}.Debug|Any CPU.Build.0 = Debug|Any CPU
		{491F5A35-A61E-48D4-AE04-30B29A151FAE}.Release|Any CPU.ActiveCfg = Release|Any CPU
		{491F5A35-A61E-48D4-AE04-30B29A151FAE}.Release|Any CPU.Build.0 = Release|Any CPU
		{A7FA3796-F39A-4AA5-8127-A28A5BEF13E2}.Debug|Any CPU.ActiveCfg = Debug|Any CPU
		{A7FA3796-F39A-4AA5-8127-A28A5BEF13E2}.Debug|Any CPU.Build.0 = Debug|Any CPU
		{A7FA3796-F39A-4AA5-8127-A28A5BEF13E2}.Release|Any CPU.ActiveCfg = Release|Any CPU
		{A7FA3796-F39A-4AA5-8127-A28A5BEF13E2}.Release|Any CPU.Build.0 = Release|Any CPU
	EndGlobalSection
	GlobalSection(SolutionProperties) = preSolution
		HideSolutionNode = FALSE
	EndGlobalSection
	GlobalSection(ExtensibilityGlobals) = postSolution
		SolutionGuid = {631AA55B-EAB9-4BA7-AB23-19FB6B12DA28}
	EndGlobalSection
EndGlobal
